
Microsoft Visual Studio Solution File, Format Version 12.00
# Visual Studio Version 17
VisualStudioVersion = 17.11.35219.272
MinimumVisualStudioVersion = 10.0.40219.1
Project("{FAE04EC0-301F-11D3-BF4B-00C04F79EFBC}") = "sec-saver", "sec-saver\sec-saver.csproj", "{CBB96D3F-6B7E-4D5F-8216-F0AB4B3F0E45}"
EndProject
Global
	GlobalSection(SolutionConfigurationPlatforms) = preSolution
		Debug|Any CPU = Debug|Any CPU
		Release|Any CPU = Release|Any CPU
	EndGlobalSection
	GlobalSection(ProjectConfigurationPlatforms) = postSolution
		{CBB96D3F-6B7E-4D5F-8216-F0AB4B3F0E45}.Debug|Any CPU.ActiveCfg = Debug|Any CPU
		{CBB96D3F-6B7E-4D5F-8216-F0AB4B3F0E45}.Debug|Any CPU.Build.0 = Debug|Any CPU
		{CBB96D3F-6B7E-4D5F-8216-F0AB4B3F0E45}.Release|Any CPU.ActiveCfg = Release|Any CPU
		{CBB96D3F-6B7E-4D5F-8216-F0AB4B3F0E45}.Release|Any CPU.Build.0 = Release|Any CPU
	EndGlobalSection
	GlobalSection(SolutionProperties) = preSolution
		HideSolutionNode = FALSE
	EndGlobalSection
	GlobalSection(ExtensibilityGlobals) = postSolution
		SolutionGuid = {D7FBC2C9-6961-425F-9F5B-0F45533DB0FA}
	EndGlobalSection
EndGlobal
